{
  "version": 1,
  "vm": "mrubyc",
  "gems": [
    {
      "type": "github",
      "source": "ogom/picoruby-ws2812-plus",
      "branch": "develop",
      "commit": "34c8624794b253a4b7dd6db98b4e93c3986d358b"
    },
    {
      "type": "path",
      "source": "examples/picoruby/mrbgems/max30102",
      "sha256": "24678422932f9d8033a765d7e8fdb137c9241706a5b3ce45478617240a705944",
      "require_name": "max30102"
    },
    {
      "type": "path",
      "source": "examples/picoruby/mrbgems/ws2812_spi",
      "sha256": "b83692a15708928160e4598f774c57e243b041ccba56102801c4d3878c9917d6",
      "require_name": "ws2812_spi"
    },
    {
      "type": "path",
      "source": "examples/picoruby/projects/daisenkofun/mrbgems/daisenkofun-illumination",
      "sha256": "ccb0855c38b8dfd5484dd38854bdae2cedcae6af90e5c8006c379351b128e3b7",
      "auto_require": false
    },
    {
      "type": "path",
      "source": "examples/picoruby/projects/daisenkofun/mrbgems/daisenkofun-oximeter",
      "sha256": "f951e670b69b43313b923f1cae40bd46e65a6a409ff6dc548e37faf770e114f4",
      "auto_require": false
    },
    {
      "type": "path",
      "source": "examples/picoruby/projects/daisenkofun/mrbgems/daisenkofun-musical",
      "sha256": "124aa1581f7153656b35f7f122d3a89f439d8eda3fa45e7699b209295c09433e",
      "auto_require": false
    },
    {
      "type": "path",
      "source": "examples/picoruby/projects/daisenkofun/mrbgems/daisenkofun-runtime",
      "sha256": "009ddd847181ad870b5f97712efb241ef92b6c30d2dbae99121ef34943a3003b",
      "auto_require": false
    },
    {
      "type": "path",
      "source": "examples/picoruby/projects/daisenkofun/mrbgems/daisenkofun-application",
      "sha256": "8cc5c5b6ae4aca6afe1a46de4d47044f584cba3ae89421e68eb78a5f09f40ff5",
      "auto_require": false
    }
  ]
}
