{
  "version": 1,
  "vm": "mrubyc",
  "gems": [
    {
      "type": "github",
      "source": "ksbmyk/picoruby-ws2812-plus",
      "branch": "main",
      "commit": "16699f8eb163df3fad86cfe826590bf890d0bb58"
    },
    {
      "type": "path",
      "source": "examples/picoruby/mrbgems/my_gems",
      "sha256": "2c36316a3afa37752d9b73154586296efa7d3a03205e5bc6f0479c8966b7c5f9"
    }
  ]
}
