{
  "version": 1,
  "vm": "mrubyc",
  "gems": [
    {
      "type": "github",
      "source": "ogom/picoruby-ws2812-plus",
      "branch": "develop",
      "commit": "34c8624794b253a4b7dd6db98b4e93c3986d358b"
    },
    {
      "type": "path",
      "source": "examples/picoruby/projects/daisenkofun/mrbgems/daisenkofun-illuminations",
      "sha256": "b491bb6be064e19d1c0ba46ec27906e0331ccded74a1c2890759fc897862e6ff",
      "require_name": "daisenkofun-illuminations"
    }
  ]
}
